// !$*UTF8*$!
{
	archiveVersion = 1;
	classes = {
	};
	objectVersion = 55;
	objects = {

/* Begin PBXBuildFile section */
		DEC3F5122ACF9F7900637ED7 /* AppDelegate.swift in Sources */ = {isa = PBXBuildFile; fileRef = DEC3F5112ACF9F7900637ED7 /* AppDelegate.swift */; };
		DEC3F5142ACF9F7900637ED7 /* SceneDelegate.swift in Sources */ = {isa = PBXBuildFile; fileRef = DEC3F5132ACF9F7900637ED7 /* SceneDelegate.swift */; };
		DEC3F5162ACF9F7900637ED7 /* ViewController.swift in Sources */ = {isa = PBXBuildFile; fileRef = DEC3F5152ACF9F7900637ED7 /* ViewController.swift */; };
		DEC3F5192ACF9F7900637ED7 /* Main.storyboard in Resources */ = {isa = PBXBuildFile; fileRef = DEC3F5172ACF9F7900637ED7 /* Main.storyboard */; };
		DEC3F51C2ACF9F7900637ED7 /* ToDoApp.xcdatamodeld in Sources */ = {isa = PBXBuildFile; fileRef = DEC3F51A2ACF9F7900637ED7 /* ToDoApp.xcdatamodeld */; };
		DEC3F51E2ACF9F7A00637ED7 /* Assets.xcassets in Resources */ = {isa = PBXBuildFile; fileRef = DEC3F51D2ACF9F7A00637ED7 /* Assets.xcassets */; };
		DEC3F5212ACF9F7A00637ED7 /* LaunchScreen.storyboard in Resources */ = {isa = PBXBuildFile; fileRef = DEC3F51F2ACF9F7A00637ED7 /* LaunchScreen.storyboard */; };
		DEC3F5292ACFA1FA00637ED7 /* TaskListViewController.swift in Sources */ = {isa = PBXBuildFile; fileRef = DEC3F5282ACFA1FA00637ED7 /* TaskListViewController.swift */; };
		DEC3F52D2ACFB19400637ED7 /* TaskDao.swift in Sources */ = {isa = PBXBuildFile; fileRef = DEC3F52C2ACFB19400637ED7 /* TaskDao.swift */; };
/* End PBXBuildFile section */

/* Begin PBXFileReference section */
		DEC3F50E2ACF9F7900637ED7 /* ToDoApp.app */ = {isa = PBXFileReference; explicitFileType = wrapper.application; includeInIndex = 0; path = ToDoApp.app; sourceTree = BUILT_PRODUCTS_DIR; };
		DEC3F5112ACF9F7900637ED7 /* AppDelegate.swift */ = {isa = PBXFileReference; lastKnownFileType = sourcecode.swift; path = AppDelegate.swift; sourceTree = "<group>"; };
		DEC3F5132ACF9F7900637ED7 /* SceneDelegate.swift */ = {isa = PBXFileReference; lastKnownFileType = sourcecode.swift; path = SceneDelegate.swift; sourceTree = "<group>"; };
		DEC3F5152ACF9F7900637ED7 /* ViewController.swift */ = {isa = PBXFileReference; lastKnownFileType = sourcecode.swift; path = ViewController.swift; sourceTree = "<group>"; };
		DEC3F5182ACF9F7900637ED7 /* Base */ = {isa = PBXFileReference; lastKnownFileType = file.storyboard; name = Base; path = Base.lproj/Main.storyboard; sourceTree = "<group>"; };
		DEC3F51B2ACF9F7900637ED7 /* ToDoApp.xcdatamodel */ = {isa = PBXFileReference; lastKnownFileType = wrapper.xcdatamodel; path = ToDoApp.xcdatamodel; sourceTree = "<group>"; };
		DEC3F51D2ACF9F7A00637ED7 /* Assets.xcassets */ = {isa = PBXFileReference; lastKnownFileType = folder.assetcatalog; path = Assets.xcassets; sourceTree = "<group>"; };
		DEC3F5202ACF9F7A00637ED7 /* Base */ = {isa = PBXFileReference; lastKnownFileType = file.storyboard; name = Base; path = Base.lproj/LaunchScreen.storyboard; sourceTree = "<group>"; };
		DEC3F5222ACF9F7A00637ED7 /* Info.plist */ = {isa = PBXFileReference; lastKnownFileType = text.plist.xml; path = Info.plist; sourceTree = "<group>"; };
		DEC3F5282ACFA1FA00637ED7 /* TaskListViewController.swift */ = {isa = PBXFileReference; lastKnownFileType = sourcecode.swift; path = TaskListViewController.swift; sourceTree = "<group>"; };
		DEC3F52C2ACFB19400637ED7 /* TaskDao.swift */ = {isa = PBXFileReference; lastKnownFileType = sourcecode.swift; path = TaskDao.swift; sourceTree = "<group>"; };
/* End PBXFileReference section */

/* Begin PBXFrameworksBuildPhase section */
		DEC3F50B2ACF9F7900637ED7 /* Frameworks */ = {
			isa = PBXFrameworksBuildPhase;
			buildActionMask = 2147483647;
			files = (
			);
			runOnlyForDeploymentPostprocessing = 0;
		};
/* End PBXFrameworksBuildPhase section */

/* Begin PBXGroup section */
		DEC3F5052ACF9F7900637ED7 = {
			isa = PBXGroup;
			children = (
				DEC3F5102ACF9F7900637ED7 /* ToDoApp */,
				DEC3F50F2ACF9F7900637ED7 /* Products */,
			);
			sourceTree = "<group>";
		};
		DEC3F50F2ACF9F7900637ED7 /* Products */ = {
			isa = PBXGroup;
			children = (
				DEC3F50E2ACF9F7900637ED7 /* ToDoApp.app */,
			);
			name = Products;
			sourceTree = "<group>";
		};
		DEC3F5102ACF9F7900637ED7 /* ToDoApp */ = {
			isa = PBXGroup;
			children = (
				DEC3F52B2ACFAF8900637ED7 /* DAO */,
				DEC3F52A2ACFAF4500637ED7 /* UI */,
				DEC3F5112ACF9F7900637ED7 /* AppDelegate.swift */,
				DEC3F5132ACF9F7900637ED7 /* SceneDelegate.swift */,
				DEC3F5152ACF9F7900637ED7 /* ViewController.swift */,
				DEC3F5172ACF9F7900637ED7 /* Main.storyboard */,
				DEC3F51D2ACF9F7A00637ED7 /* Assets.xcassets */,
				DEC3F51F2ACF9F7A00637ED7 /* LaunchScreen.storyboard */,
				DEC3F5222ACF9F7A00637ED7 /* Info.plist */,
				DEC3F51A2ACF9F7900637ED7 /* ToDoApp.xcdatamodeld */,
			);
			path = ToDoApp;
			sourceTree = "<group>";
		};
		DEC3F52A2ACFAF4500637ED7 /* UI */ = {
			isa = PBXGroup;
			children = (
				DEC3F5282ACFA1FA00637ED7 /* TaskListViewController.swift */,
			);
			path = UI;
			sourceTree = "<group>";
		};
		DEC3F52B2ACFAF8900637ED7 /* DAO */ = {
			isa = PBXGroup;
			children = (
				DEC3F52C2ACFB19400637ED7 /* TaskDao.swift */,
			);
			path = DAO;
			sourceTree = "<group>";
		};
/* End PBXGroup section */

/* Begin PBXNativeTarget section */
		DEC3F50D2ACF9F7900637ED7 /* ToDoApp */ = {
			isa = PBXNativeTarget;
			buildConfigurationList = DEC3F5252ACF9F7A00637ED7 /* Build configuration list for PBXNativeTarget "ToDoApp" */;
			buildPhases = (
				DEC3F50A2ACF9F7900637ED7 /* Sources */,
				DEC3F50B2ACF9F7900637ED7 /* Frameworks */,
				DEC3F50C2ACF9F7900637ED7 /* Resources */,
			);
			buildRules = (
			);
			dependencies = (
			);
			name = ToDoApp;
			productName = ToDoApp;
			productReference = DEC3F50E2ACF9F7900637ED7 /* ToDoApp.app */;
			productType = "com.apple.product-type.application";
		};
/* End PBXNativeTarget section */

/* Begin PBXProject section */
		DEC3F5062ACF9F7900637ED7 /* Project object */ = {
			isa = PBXProject;
			attributes = {
				BuildIndependentTargetsInParallel = 1;
				LastSwiftUpdateCheck = 1320;
				LastUpgradeCheck = 1320;
				TargetAttributes = {
					DEC3F50D2ACF9F7900637ED7 = {
						CreatedOnToolsVersion = 13.2.1;
					};
				};
			};
			buildConfigurationList = DEC3F5092ACF9F7900637ED7 /* Build configuration list for PBXProject "ToDoApp" */;
			compatibilityVersion = "Xcode 13.0";
			developmentRegion = en;
			hasScannedForEncodings = 0;
			knownRegions = (
				en,
				Base,
			);
			mainGroup = DEC3F5052ACF9F7900637ED7;
			productRefGroup = DEC3F50F2ACF9F7900637ED7 /* Products */;
			projectDirPath = "";
			projectRoot = "";
			targets = (
				DEC3F50D2ACF9F7900637ED7 /* ToDoApp */,
			);
		};
/* End PBXProject section */

/* Begin PBXResourcesBuildPhase section */
		DEC3F50C2ACF9F7900637ED7 /* Resources */ = {
			isa = PBXResourcesBuildPhase;
			buildActionMask = 2147483647;
			files = (
				DEC3F5212ACF9F7A00637ED7 /* LaunchScreen.storyboard in Resources */,
				DEC3F51E2ACF9F7A00637ED7 /* Assets.xcassets in Resources */,
				DEC3F5192ACF9F7900637ED7 /* Main.storyboard in Resources */,
			);
			runOnlyForDeploymentPostprocessing = 0;
		};
/* End PBXResourcesBuildPhase section */

/* Begin PBXSourcesBuildPhase section */
		DEC3F50A2ACF9F7900637ED7 /* Sources */ = {
			isa = PBXSourcesBuildPhase;
			buildActionMask = 2147483647;
			files = (
				DEC3F5162ACF9F7900637ED7 /* ViewController.swift in Sources */,
				DEC3F5122ACF9F7900637ED7 /* AppDelegate.swift in Sources */,
				DEC3F5142ACF9F7900637ED7 /* SceneDelegate.swift in Sources */,
				DEC3F51C2ACF9F7900637ED7 /* ToDoApp.xcdatamodeld in Sources */,
				DEC3F5292ACFA1FA00637ED7 /* TaskListViewController.swift in Sources */,
				DEC3F52D2ACFB19400637ED7 /* TaskDao.swift in Sources */,
			);
			runOnlyForDeploymentPostprocessing = 0;
		};
/* End PBXSourcesBuildPhase section */

/* Begin PBXVariantGroup section */
		DEC3F5172ACF9F7900637ED7 /* Main.storyboard */ = {
			isa = PBXVariantGroup;
			children = (
				DEC3F5182ACF9F7900637ED7 /* Base */,
			);
			name = Main.storyboard;
			sourceTree = "<group>";
		};
		DEC3F51F2ACF9F7A00637ED7 /* LaunchScreen.storyboard */ = {
			isa = PBXVariantGroup;
			children = (
				DEC3F5202ACF9F7A00637ED7 /* Base */,
			);
			name = LaunchScreen.storyboard;
			sourceTree = "<group>";
		};
/* End PBXVariantGroup section */

/* Begin XCBuildConfiguration section */
		DEC3F5232ACF9F7A00637ED7 /* Debug */ = {
			isa = XCBuildConfiguration;
			buildSettings = {
				ALWAYS_SEARCH_USER_PATHS = NO;
				CLANG_ANALYZER_NONNULL = YES;
				CLANG_ANALYZER_NUMBER_OBJECT_CONVERSION = YES_AGGRESSIVE;
				CLANG_CXX_LANGUAGE_STANDARD = "gnu++17";
				CLANG_CXX_LIBRARY = "libc++";
				CLANG_ENABLE_MODULES = YES;
				CLANG_ENABLE_OBJC_ARC = YES;
				CLANG_ENABLE_OBJC_WEAK = YES;
				CLANG_WARN_BLOCK_CAPTURE_AUTORELEASING = YES;
				CLANG_WARN_BOOL_CONVERSION = YES;
				CLANG_WARN_COMMA = YES;
				CLANG_WARN_CONSTANT_CONVERSION = YES;
				CLANG_WARN_DEPRECATED_OBJC_IMPLEMENTATIONS = YES;
				CLANG_WARN_DIRECT_OBJC_ISA_USAGE = YES_ERROR;
				CLANG_WARN_DOCUMENTATION_COMMENTS = YES;
				CLANG_WARN_EMPTY_BODY = YES;
				CLANG_WARN_ENUM_CONVERSION = YES;
				CLANG_WARN_INFINITE_RECURSION = YES;
				CLANG_WARN_INT_CONVERSION = YES;
				CLANG_WARN_NON_LITERAL_NULL_CONVERSION = YES;
				CLANG_WARN_OBJC_IMPLICIT_RETAIN_SELF = YES;
				CLANG_WARN_OBJC_LITERAL_CONVERSION = YES;
				CLANG_WARN_OBJC_ROOT_CLASS = YES_ERROR;
				CLANG_WARN_QUOTED_INCLUDE_IN_FRAMEWORK_HEADER = YES;
				CLANG_WARN_RANGE_LOOP_ANALYSIS = YES;
				CLANG_WARN_STRICT_PROTOTYPES = YES;
				CLANG_WARN_SUSPICIOUS_MOVE = YES;
				CLANG_WARN_UNGUARDED_AVAILABILITY = YES_AGGRESSIVE;
				CLANG_WARN_UNREACHABLE_CODE = YES;
				CLANG_WARN__DUPLICATE_METHOD_MATCH = YES;
				COPY_PHASE_STRIP = NO;
				DEBUG_INFORMATION_FORMAT = dwarf;
				ENABLE_STRICT_OBJC_MSGSEND = YES;
				ENABLE_TESTABILITY = YES;
				GCC_C_LANGUAGE_STANDARD = gnu11;
				GCC_DYNAMIC_NO_PIC = NO;
				GCC_NO_COMMON_BLOCKS = YES;
				GCC_OPTIMIZATION_LEVEL = 0;
				GCC_PREPROCESSOR_DEFINITIONS = (
					"DEBUG=1",
					"$(inherited)",
				);
				GCC_WARN_64_TO_32_BIT_CONVERSION = YES;
				GCC_WARN_ABOUT_RETURN_TYPE = YES_ERROR;
				GCC_WARN_UNDECLARED_SELECTOR = YES;
				GCC_WARN_UNINITIALIZED_AUTOS = YES_AGGRESSIVE;
				GCC_WARN_UNUSED_FUNCTION = YES;
				GCC_WARN_UNUSED_VARIABLE = YES;
				IPHONEOS_DEPLOYMENT_TARGET = 15.2;
				MTL_ENABLE_DEBUG_INFO = INCLUDE_SOURCE;
				MTL_FAST_MATH = YES;
				ONLY_ACTIVE_ARCH = YES;
				SDKROOT = iphoneos;
				SWIFT_ACTIVE_COMPILATION_CONDITIONS = DEBUG;
				SWIFT_OPTIMIZATION_LEVEL = "-Onone";
			};
			name = Debug;
		};
		DEC3F5242ACF9F7A00637ED7 /* Release */ = {
			isa = XCBuildConfiguration;
			buildSettings = {
				ALWAYS_SEARCH_USER_PATHS = NO;
				CLANG_ANALYZER_NONNULL = YES;
				CLANG_ANALYZER_NUMBER_OBJECT_CONVERSION = YES_AGGRESSIVE;
				CLANG_CXX_LANGUAGE_STANDARD = "gnu++17";
				CLANG_CXX_LIBRARY = "libc++";
				CLANG_ENABLE_MODULES = YES;
				CLANG_ENABLE_OBJC_ARC = YES;
				CLANG_ENABLE_OBJC_WEAK = YES;
				CLANG_WARN_BLOCK_CAPTURE_AUTORELEASING = YES;
				CLANG_WARN_BOOL_CONVERSION = YES;
				CLANG_WARN_COMMA = YES;
				CLANG_WARN_CONSTANT_CONVERSION = YES;
				CLANG_WARN_DEPRECATED_OBJC_IMPLEMENTATIONS = YES;
				CLANG_WARN_DIRECT_OBJC_ISA_USAGE = YES_ERROR;
				CLANG_WARN_DOCUMENTATION_COMMENTS = YES;
				CLANG_WARN_EMPTY_BODY = YES;
				CLANG_WARN_ENUM_CONVERSION = YES;
				CLANG_WARN_INFINITE_RECURSION = YES;
				CLANG_WARN_INT_CONVERSION = YES;
				CLANG_WARN_NON_LITERAL_NULL_CONVERSION = YES;
				CLANG_WARN_OBJC_IMPLICIT_RETAIN_SELF = YES;
				CLANG_WARN_OBJC_LITERAL_CONVERSION = YES;
				CLANG_WARN_OBJC_ROOT_CLASS = YES_ERROR;
				CLANG_WARN_QUOTED_INCLUDE_IN_FRAMEWORK_HEADER = YES;
				CLANG_WARN_RANGE_LOOP_ANALYSIS = YES;
				CLANG_WARN_STRICT_PROTOTYPES = YES;
				CLANG_WARN_SUSPICIOUS_MOVE = YES;
				CLANG_WARN_UNGUARDED_AVAILABILITY = YES_AGGRESSIVE;
				CLANG_WARN_UNREACHABLE_CODE = YES;
				CLANG_WARN__DUPLICATE_METHOD_MATCH = YES;
				COPY_PHASE_STRIP = NO;
				DEBUG_INFORMATION_FORMAT = "dwarf-with-dsym";
				ENABLE_NS_ASSERTIONS = NO;
				ENABLE_STRICT_OBJC_MSGSEND = YES;
				GCC_C_LANGUAGE_STANDARD = gnu11;
				GCC_NO_COMMON_BLOCKS = YES;
				GCC_WARN_64_TO_32_BIT_CONVERSION = YES;
				GCC_WARN_ABOUT_RETURN_TYPE = YES_ERROR;
				GCC_WARN_UNDECLARED_SELECTOR = YES;
				GCC_WARN_UNINITIALIZED_AUTOS = YES_AGGRESSIVE;
				GCC_WARN_UNUSED_FUNCTION = YES;
				GCC_WARN_UNUSED_VARIABLE = YES;
				IPHONEOS_DEPLOYMENT_TARGET = 15.2;
				MTL_ENABLE_DEBUG_INFO = NO;
				MTL_FAST_MATH = YES;
				SDKROOT = iphoneos;
				SWIFT_COMPILATION_MODE = wholemodule;
				SWIFT_OPTIMIZATION_LEVEL = "-O";
				VALIDATE_PRODUCT = YES;
			};
			name = Release;
		};
		DEC3F5262ACF9F7A00637ED7 /* Debug */ = {
			isa = XCBuildConfiguration;
			buildSettings = {
				ASSETCATALOG_COMPILER_APPICON_NAME = AppIcon;
				ASSETCATALOG_COMPILER_GLOBAL_ACCENT_COLOR_NAME = AccentColor;
				CODE_SIGN_STYLE = Automatic;
				CURRENT_PROJECT_VERSION = 1;
				GENERATE_INFOPLIST_FILE = YES;
				INFOPLIST_FILE = ToDoApp/Info.plist;
				INFOPLIST_KEY_UIApplicationSupportsIndirectInputEvents = YES;
				INFOPLIST_KEY_UILaunchStoryboardName = LaunchScreen;
				INFOPLIST_KEY_UIMainStoryboardFile = Main;
				INFOPLIST_KEY_UISupportedInterfaceOrientations_iPad = "UIInterfaceOrientationPortrait UIInterfaceOrientationPortraitUpsideDown UIInterfaceOrientationLandscapeLeft UIInterfaceOrientationLandscapeRight";
				INFOPLIST_KEY_UISupportedInterfaceOrientations_iPhone = "UIInterfaceOrientationPortrait UIInterfaceOrientationLandscapeLeft UIInterfaceOrientationLandscapeRight";
				LD_RUNPATH_SEARCH_PATHS = (
					"$(inherited)",
					"@executable_path/Frameworks",
				);
				MARKETING_VERSION = 1.0;
				PRODUCT_BUNDLE_IDENTIFIER = pe.isil.ToDoApp;
				PRODUCT_NAME = "$(TARGET_NAME)";
				SWIFT_EMIT_LOC_STRINGS = YES;
				SWIFT_VERSION = 5.0;
				TARGETED_DEVICE_FAMILY = "1,2";
			};
			name = Debug;
		};
		DEC3F5272ACF9F7A00637ED7 /* Release */ = {
			isa = XCBuildConfiguration;
			buildSettings = {
				ASSETCATALOG_COMPILER_APPICON_NAME = AppIcon;
				ASSETCATALOG_COMPILER_GLOBAL_ACCENT_COLOR_NAME = AccentColor;
				CODE_SIGN_STYLE = Automatic;
				CURRENT_PROJECT_VERSION = 1;
				GENERATE_INFOPLIST_FILE = YES;
				INFOPLIST_FILE = ToDoApp/Info.plist;
				INFOPLIST_KEY_UIApplicationSupportsIndirectInputEvents = YES;
				INFOPLIST_KEY_UILaunchStoryboardName = LaunchScreen;
				INFOPLIST_KEY_UIMainStoryboardFile = Main;
				INFOPLIST_KEY_UISupportedInterfaceOrientations_iPad = "UIInterfaceOrientationPortrait UIInterfaceOrientationPortraitUpsideDown UIInterfaceOrientationLandscapeLeft UIInterfaceOrientationLandscapeRight";
				INFOPLIST_KEY_UISupportedInterfaceOrientations_iPhone = "UIInterfaceOrientationPortrait UIInterfaceOrientationLandscapeLeft UIInterfaceOrientationLandscapeRight";
				LD_RUNPATH_SEARCH_PATHS = (
					"$(inherited)",
					"@executable_path/Frameworks",
				);
				MARKETING_VERSION = 1.0;
				PRODUCT_BUNDLE_IDENTIFIER = pe.isil.ToDoApp;
				PRODUCT_NAME = "$(TARGET_NAME)";
				SWIFT_EMIT_LOC_STRINGS = YES;
				SWIFT_VERSION = 5.0;
				TARGETED_DEVICE_FAMILY = "1,2";
			};
			name = Release;
		};
/* End XCBuildConfiguration section */

/* Begin XCConfigurationList section */
		DEC3F5092ACF9F7900637ED7 /* Build configuration list for PBXProject "ToDoApp" */ = {
			isa = XCConfigurationList;
			buildConfigurations = (
				DEC3F5232ACF9F7A00637ED7 /* Debug */,
				DEC3F5242ACF9F7A00637ED7 /* Release */,
			);
			defaultConfigurationIsVisible = 0;
			defaultConfigurationName = Release;
		};
		DEC3F5252ACF9F7A00637ED7 /* Build configuration list for PBXNativeTarget "ToDoApp" */ = {
			isa = XCConfigurationList;
			buildConfigurations = (
				DEC3F5262ACF9F7A00637ED7 /* Debug */,
				DEC3F5272ACF9F7A00637ED7 /* Release */,
			);
			defaultConfigurationIsVisible = 0;
			defaultConfigurationName = Release;
		};
/* End XCConfigurationList section */

/* Begin XCVersionGroup section */
		DEC3F51A2ACF9F7900637ED7 /* ToDoApp.xcdatamodeld */ = {
			isa = XCVersionGroup;
			children = (
				DEC3F51B2ACF9F7900637ED7 /* ToDoApp.xcdatamodel */,
			);
			currentVersion = DEC3F51B2ACF9F7900637ED7 /* ToDoApp.xcdatamodel */;
			path = ToDoApp.xcdatamodeld;
			sourceTree = "<group>";
			versionGroupType = wrapper.xcdatamodel;
		};
/* End XCVersionGroup section */
	};
	rootObject = DEC3F5062ACF9F7900637ED7 /* Project object */;
}
